<?xml version="1.0" encoding="utf-8"?>
<Project ToolsVersion="4.0" xmlns="http://schemas.microsoft.com/developer/msbuild/2003">
  <ItemGroup>
    <ClCompile Include="..\src\dsc\ServiceManager.cpp" />
    <ClCompile Include="..\src\dsc\windsc.cpp" />
  </ItemGroup>
  <ItemGroup>
    <ClInclude Include="..\src\dsc\Definitions.h" />
    <ClInclude Include="..\src\dsc\ServiceManager.h" />
  </ItemGroup>
</Project>